
Microsoft Visual Studio Solution File, Format Version 12.00
# Visual Studio Version 16
VisualStudioVersion = 16.0.34931.43
MinimumVisualStudioVersion = 10.0.40219.1
Project("{FAE04EC0-301F-11D3-BF4B-00C04F79EFBC}") = "ConsoleApp1new", "ConsoleApp1new.csproj", "{F7ED7A48-EA82-4594-BA2F-E90B556432F5}"
EndProject
Global
	GlobalSection(SolutionConfigurationPlatforms) = preSolution
		Debug|Any CPU = Debug|Any CPU
		Release|Any CPU = Release|Any CPU
	EndGlobalSection
	GlobalSection(ProjectConfigurationPlatforms) = postSolution
		{F7ED7A48-EA82-4594-BA2F-E90B556432F5}.Debug|Any CPU.ActiveCfg = Debug|Any CPU
		{F7ED7A48-EA82-4594-BA2F-E90B556432F5}.Debug|Any CPU.Build.0 = Debug|Any CPU
		{F7ED7A48-EA82-4594-BA2F-E90B556432F5}.Release|Any CPU.ActiveCfg = Release|Any CPU
		{F7ED7A48-EA82-4594-BA2F-E90B556432F5}.Release|Any CPU.Build.0 = Release|Any CPU
	EndGlobalSection
	GlobalSection(SolutionProperties) = preSolution
		HideSolutionNode = FALSE
	EndGlobalSection
	GlobalSection(ExtensibilityGlobals) = postSolution
		SolutionGuid = {F766D838-F3F5-41CD-B2ED-BF67BE6D755D}
	EndGlobalSection
EndGlobal
